
Microsoft Visual Studio Solution File, Format Version 12.00
# Visual Studio Version 17
VisualStudioVersion = 17.8.34408.163
MinimumVisualStudioVersion = 10.0.40219.1
Project("{FAE04EC0-301F-11D3-BF4B-00C04F79EFBC}") = "EmprestimosSMN", "EmprestimosSMN\EmprestimosSMN.csproj", "{98A7CAA1-47A0-45D4-910F-9D4E04C5E007}"
EndProject
Global
	GlobalSection(SolutionConfigurationPlatforms) = preSolution
		Debug|Any CPU = Debug|Any CPU
		Release|Any CPU = Release|Any CPU
	EndGlobalSection
	GlobalSection(ProjectConfigurationPlatforms) = postSolution
		{98A7CAA1-47A0-45D4-910F-9D4E04C5E007}.Debug|Any CPU.ActiveCfg = Debug|Any CPU
		{98A7CAA1-47A0-45D4-910F-9D4E04C5E007}.Debug|Any CPU.Build.0 = Debug|Any CPU
		{98A7CAA1-47A0-45D4-910F-9D4E04C5E007}.Release|Any CPU.ActiveCfg = Release|Any CPU
		{98A7CAA1-47A0-45D4-910F-9D4E04C5E007}.Release|Any CPU.Build.0 = Release|Any CPU
	EndGlobalSection
	GlobalSection(SolutionProperties) = preSolution
		HideSolutionNode = FALSE
	EndGlobalSection
	GlobalSection(ExtensibilityGlobals) = postSolution
		SolutionGuid = {BE8EDCDC-4198-4DD5-A063-A0AA073DA945}
	EndGlobalSection
EndGlobal
